
Microsoft Visual Studio Solution File, Format Version 12.00
# Visual Studio 15
VisualStudioVersion = 15.0.26730.16
MinimumVisualStudioVersion = 10.0.40219.1
Project("{2150E333-8FDC-42A3-9474-1A3956D46DE8}") = "Common", "Common", "{794C0917-6118-4C08-81AB-ABEB3B9B5AEF}"
EndProject
Project("{2150E333-8FDC-42A3-9474-1A3956D46DE8}") = "Mobile", "Mobile", "{85585FF4-DDAE-4EBD-806C-C7A4A3B5E1A9}"
EndProject
Project("{FAE04EC0-301F-11D3-BF4B-00C04F79EFBC}") = "KFisher.Entities", "KFisher.Entities\KFisher.Entities.csproj", "{3EFB7A6B-FF50-422E-826A-1FAACEDCCF39}"
EndProject
Project("{FAE04EC0-301F-11D3-BF4B-00C04F79EFBC}") = "KFisher.Data", "KFisher.Data\KFisher.Data.csproj", "{D9F8D3DF-4A96-46BF-B9AC-0F1D9E2C6552}"
EndProject
Project("{FAE04EC0-301F-11D3-BF4B-00C04F79EFBC}") = "KFishers.Managers", "KFishers.Managers\KFishers.Managers.csproj", "{DEB48525-4FA4-4A29-8E00-8EB68A835FC7}"
EndProject
Project("{FAE04EC0-301F-11D3-BF4B-00C04F79EFBC}") = "KFisher.WebApi", "KFisher.WebApi\KFisher.WebApi.csproj", "{70837252-D1AE-4703-816C-22454593D819}"
EndProject
Project("{FAE04EC0-301F-11D3-BF4B-00C04F79EFBC}") = "KFisher.Services", "KFisher.Services\KFisher.Services.csproj", "{6A8079AA-35FC-40F5-B5FC-23224E791348}"
EndProject
Project("{FAE04EC0-301F-11D3-BF4B-00C04F79EFBC}") = "KFisher.Library", "KFisher.Library\KFisher.Library.csproj", "{F4EB9E68-E3B5-4F88-8D20-441F398093E3}"
EndProject
Project("{FAE04EC0-301F-11D3-BF4B-00C04F79EFBC}") = "KFisher.DependencyResolution", "KFisher.DependencyResolution\KFisher.DependencyResolution.csproj", "{ED50DD84-092A-4638-842F-8F6B5FAED378}"
EndProject
Project("{2150E333-8FDC-42A3-9474-1A3956D46DE8}") = "Database", "Database", "{CA10652E-D1AC-497F-B2C9-E422A8E628DD}"
EndProject
Project("{2150E333-8FDC-42A3-9474-1A3956D46DE8}") = "DataAccess", "DataAccess", "{1348B0B7-F342-4D20-852E-2B4A16E9AE78}"
EndProject
Project("{2150E333-8FDC-42A3-9474-1A3956D46DE8}") = "Web", "Web", "{BFCC5E73-4743-477E-940C-AE610E7267E8}"
EndProject
Project("{2150E333-8FDC-42A3-9474-1A3956D46DE8}") = "BusinessLogic", "BusinessLogic", "{A573CE2F-CFFF-4D2A-A061-9D96DF6AF033}"
EndProject
Project("{FAE04EC0-301F-11D3-BF4B-00C04F79EFBC}") = "KFisher.Managers.Tests", "KFisher.Managers.Tests\KFisher.Managers.Tests.csproj", "{3069764C-D820-49FB-943C-4BE396429F9A}"
EndProject
Project("{FAE04EC0-301F-11D3-BF4B-00C04F79EFBC}") = "KFisher.Services.Tests", "KFisher.Services.Tests\KFisher.Services.Tests.csproj", "{7E90CB9D-DEE7-48AA-960C-AEC689982D22}"
EndProject
Project("{FAE04EC0-301F-11D3-BF4B-00C04F79EFBC}") = "KFisher.WebApi.Tests", "KFisher.WebApi.Tests\KFisher.WebApi.Tests.csproj", "{2C9677CC-AC2F-4D9E-8352-AB1F35930BE8}"
EndProject
Project("{FAE04EC0-301F-11D3-BF4B-00C04F79EFBC}") = "KFisher.WebApi.Models", "KFisher.WebApi.Models\KFisher.WebApi.Models.csproj", "{DF232AD7-9337-46D1-8F69-B03000537711}"
EndProject
Global
	GlobalSection(SolutionConfigurationPlatforms) = preSolution
		Debug|Any CPU = Debug|Any CPU
		Release|Any CPU = Release|Any CPU
	EndGlobalSection
	GlobalSection(ProjectConfigurationPlatforms) = postSolution
		{3EFB7A6B-FF50-422E-826A-1FAACEDCCF39}.Debug|Any CPU.ActiveCfg = Debug|Any CPU
		{3EFB7A6B-FF50-422E-826A-1FAACEDCCF39}.Debug|Any CPU.Build.0 = Debug|Any CPU
		{3EFB7A6B-FF50-422E-826A-1FAACEDCCF39}.Release|Any CPU.ActiveCfg = Release|Any CPU
		{3EFB7A6B-FF50-422E-826A-1FAACEDCCF39}.Release|Any CPU.Build.0 = Release|Any CPU
		{D9F8D3DF-4A96-46BF-B9AC-0F1D9E2C6552}.Debug|Any CPU.ActiveCfg = Debug|Any CPU
		{D9F8D3DF-4A96-46BF-B9AC-0F1D9E2C6552}.Debug|Any CPU.Build.0 = Debug|Any CPU
		{D9F8D3DF-4A96-46BF-B9AC-0F1D9E2C6552}.Release|Any CPU.ActiveCfg = Release|Any CPU
		{D9F8D3DF-4A96-46BF-B9AC-0F1D9E2C6552}.Release|Any CPU.Build.0 = Release|Any CPU
		{DEB48525-4FA4-4A29-8E00-8EB68A835FC7}.Debug|Any CPU.ActiveCfg = Debug|Any CPU
		{DEB48525-4FA4-4A29-8E00-8EB68A835FC7}.Debug|Any CPU.Build.0 = Debug|Any CPU
		{DEB48525-4FA4-4A29-8E00-8EB68A835FC7}.Release|Any CPU.ActiveCfg = Release|Any CPU
		{DEB48525-4FA4-4A29-8E00-8EB68A835FC7}.Release|Any CPU.Build.0 = Release|Any CPU
		{70837252-D1AE-4703-816C-22454593D819}.Debug|Any CPU.ActiveCfg = Debug|Any CPU
		{70837252-D1AE-4703-816C-22454593D819}.Debug|Any CPU.Build.0 = Debug|Any CPU
		{70837252-D1AE-4703-816C-22454593D819}.Release|Any CPU.ActiveCfg = Release|Any CPU
		{70837252-D1AE-4703-816C-22454593D819}.Release|Any CPU.Build.0 = Release|Any CPU
		{6A8079AA-35FC-40F5-B5FC-23224E791348}.Debug|Any CPU.ActiveCfg = Debug|Any CPU
		{6A8079AA-35FC-40F5-B5FC-23224E791348}.Debug|Any CPU.Build.0 = Debug|Any CPU
		{6A8079AA-35FC-40F5-B5FC-23224E791348}.Release|Any CPU.ActiveCfg = Release|Any CPU
		{6A8079AA-35FC-40F5-B5FC-23224E791348}.Release|Any CPU.Build.0 = Release|Any CPU
		{F4EB9E68-E3B5-4F88-8D20-441F398093E3}.Debug|Any CPU.ActiveCfg = Debug|Any CPU
		{F4EB9E68-E3B5-4F88-8D20-441F398093E3}.Debug|Any CPU.Build.0 = Debug|Any CPU
		{F4EB9E68-E3B5-4F88-8D20-441F398093E3}.Release|Any CPU.ActiveCfg = Release|Any CPU
		{F4EB9E68-E3B5-4F88-8D20-441F398093E3}.Release|Any CPU.Build.0 = Release|Any CPU
		{ED50DD84-092A-4638-842F-8F6B5FAED378}.Debug|Any CPU.ActiveCfg = Debug|Any CPU
		{ED50DD84-092A-4638-842F-8F6B5FAED378}.Debug|Any CPU.Build.0 = Debug|Any CPU
		{ED50DD84-092A-4638-842F-8F6B5FAED378}.Release|Any CPU.ActiveCfg = Release|Any CPU
		{ED50DD84-092A-4638-842F-8F6B5FAED378}.Release|Any CPU.Build.0 = Release|Any CPU
		{3069764C-D820-49FB-943C-4BE396429F9A}.Debug|Any CPU.ActiveCfg = Debug|Any CPU
		{3069764C-D820-49FB-943C-4BE396429F9A}.Debug|Any CPU.Build.0 = Debug|Any CPU
		{3069764C-D820-49FB-943C-4BE396429F9A}.Release|Any CPU.ActiveCfg = Release|Any CPU
		{3069764C-D820-49FB-943C-4BE396429F9A}.Release|Any CPU.Build.0 = Release|Any CPU
		{7E90CB9D-DEE7-48AA-960C-AEC689982D22}.Debug|Any CPU.ActiveCfg = Debug|Any CPU
		{7E90CB9D-DEE7-48AA-960C-AEC689982D22}.Debug|Any CPU.Build.0 = Debug|Any CPU
		{7E90CB9D-DEE7-48AA-960C-AEC689982D22}.Release|Any CPU.ActiveCfg = Release|Any CPU
		{7E90CB9D-DEE7-48AA-960C-AEC689982D22}.Release|Any CPU.Build.0 = Release|Any CPU
		{2C9677CC-AC2F-4D9E-8352-AB1F35930BE8}.Debug|Any CPU.ActiveCfg = Debug|Any CPU
		{2C9677CC-AC2F-4D9E-8352-AB1F35930BE8}.Debug|Any CPU.Build.0 = Debug|Any CPU
		{2C9677CC-AC2F-4D9E-8352-AB1F35930BE8}.Release|Any CPU.ActiveCfg = Release|Any CPU
		{2C9677CC-AC2F-4D9E-8352-AB1F35930BE8}.Release|Any CPU.Build.0 = Release|Any CPU
		{DF232AD7-9337-46D1-8F69-B03000537711}.Debug|Any CPU.ActiveCfg = Debug|Any CPU
		{DF232AD7-9337-46D1-8F69-B03000537711}.Debug|Any CPU.Build.0 = Debug|Any CPU
		{DF232AD7-9337-46D1-8F69-B03000537711}.Release|Any CPU.ActiveCfg = Release|Any CPU
		{DF232AD7-9337-46D1-8F69-B03000537711}.Release|Any CPU.Build.0 = Release|Any CPU
	EndGlobalSection
	GlobalSection(SolutionProperties) = preSolution
		HideSolutionNode = FALSE
	EndGlobalSection
	GlobalSection(NestedProjects) = preSolution
		{3EFB7A6B-FF50-422E-826A-1FAACEDCCF39} = {CA10652E-D1AC-497F-B2C9-E422A8E628DD}
		{D9F8D3DF-4A96-46BF-B9AC-0F1D9E2C6552} = {CA10652E-D1AC-497F-B2C9-E422A8E628DD}
		{DEB48525-4FA4-4A29-8E00-8EB68A835FC7} = {A573CE2F-CFFF-4D2A-A061-9D96DF6AF033}
		{70837252-D1AE-4703-816C-22454593D819} = {BFCC5E73-4743-477E-940C-AE610E7267E8}
		{6A8079AA-35FC-40F5-B5FC-23224E791348} = {1348B0B7-F342-4D20-852E-2B4A16E9AE78}
		{F4EB9E68-E3B5-4F88-8D20-441F398093E3} = {794C0917-6118-4C08-81AB-ABEB3B9B5AEF}
		{ED50DD84-092A-4638-842F-8F6B5FAED378} = {794C0917-6118-4C08-81AB-ABEB3B9B5AEF}
		{3069764C-D820-49FB-943C-4BE396429F9A} = {A573CE2F-CFFF-4D2A-A061-9D96DF6AF033}
		{7E90CB9D-DEE7-48AA-960C-AEC689982D22} = {1348B0B7-F342-4D20-852E-2B4A16E9AE78}
		{2C9677CC-AC2F-4D9E-8352-AB1F35930BE8} = {BFCC5E73-4743-477E-940C-AE610E7267E8}
		{DF232AD7-9337-46D1-8F69-B03000537711} = {BFCC5E73-4743-477E-940C-AE610E7267E8}
	EndGlobalSection
	GlobalSection(ExtensibilityGlobals) = postSolution
		SolutionGuid = {09CEF445-2C6E-4326-A83B-72F47F74A5DC}
	EndGlobalSection
EndGlobal
