
Microsoft Visual Studio Solution File, Format Version 12.00
# Visual Studio 15
VisualStudioVersion = 15.0.26730.16
MinimumVisualStudioVersion = 10.0.40219.1
Project("{2150E333-8FDC-42A3-9474-1A3956D46DE8}") = "Common", "Common", "{794C0917-6118-4C08-81AB-ABEB3B9B5AEF}"
EndProject
Project("{2150E333-8FDC-42A3-9474-1A3956D46DE8}") = "Mobile", "Mobile", "{85585FF4-DDAE-4EBD-806C-C7A4A3B5E1A9}"
EndProject
Project("{FAE04EC0-301F-11D3-BF4B-00C04F79EFBC}") = "KFisher.Entities", "KFisher.Entities\KFisher.Entities.csproj", "{3EFB7A6B-FF50-422E-826A-1FAACEDCCF39}"
EndProject
Project("{FAE04EC0-301F-11D3-BF4B-00C04F79EFBC}") = "KFisher.Data", "KFisher.Data\KFisher.Data.csproj", "{D9F8D3DF-4A96-46BF-B9AC-0F1D9E2C6552}"
EndProject
Project("{FAE04EC0-301F-11D3-BF4B-00C04F79EFBC}") = "KFishers.Managers", "KFishers.Managers\KFishers.Managers.csproj", "{DEB48525-4FA4-4A29-8E00-8EB68A835FC7}"
EndProject
Project("{FAE04EC0-301F-11D3-BF4B-00C04F79EFBC}") = "KFisher.WebApi", "KFisher.WebApi\KFisher.WebApi.csproj", "{70837252-D1AE-4703-816C-22454593D819}"
EndProject
Project("{FAE04EC0-301F-11D3-BF4B-00C04F79EFBC}") = "KFisher.Services", "KFisher.Services\KFisher.Services.csproj", "{6A8079AA-35FC-40F5-B5FC-23224E791348}"
EndProject
Project("{FAE04EC0-301F-11D3-BF4B-00C04F79EFBC}") = "KFisher.Library", "KFisher.Library\KFisher.Library.csproj", "{F4EB9E68-E3B5-4F88-8D20-441F398093E3}"
EndProject
Project("{FAE04EC0-301F-11D3-BF4B-00C04F79EFBC}") = "KFisher.DependencyResolution", "KFisher.DependencyResolution\KFisher.DependencyResolution.csproj", "{ED50DD84-092A-4638-842F-8F6B5FAED378}"
EndProject
Project("{2150E333-8FDC-42A3-9474-1A3956D46DE8}") = "Database", "Database", "{CA10652E-D1AC-497F-B2C9-E422A8E628DD}"
EndProject
Project("{2150E333-8FDC-42A3-9474-1A3956D46DE8}") = "DataAccess", "DataAccess", "{1348B0B7-F342-4D20-852E-2B4A16E9AE78}"
EndProject
Project("{2150E333-8FDC-42A3-9474-1A3956D46DE8}") = "Web", "Web", "{BFCC5E73-4743-477E-940C-AE610E7267E8}"
EndProject
Project("{2150E333-8FDC-42A3-9474-1A3956D46DE8}") = "BusinessLogic", "BusinessLogic", "{A573CE2F-CFFF-4D2A-A061-9D96DF6AF033}"
EndProject
Project("{FAE04EC0-301F-11D3-BF4B-00C04F79EFBC}") = "KFisher.Managers.Tests", "KFisher.Managers.Tests\KFisher.Managers.Tests.csproj", "{3069764C-D820-49FB-943C-4BE396429F9A}"
EndProject
Project("{FAE04EC0-301F-11D3-BF4B-00C04F79EFBC}") = "KFisher.Services.Tests", "KFisher.Services.Tests\KFisher.Services.Tests.csproj", "{7E90CB9D-DEE7-48AA-960C-AEC689982D22}"
EndProject
Project("{FAE04EC0-301F-11D3-BF4B-00C04F79EFBC}") = "KFisher.WebApi.Tests", "KFisher.WebApi.Tests\KFisher.WebApi.Tests.csproj", "{2C9677CC-AC2F-4D9E-8352-AB1F35930BE8}"
EndProject
Project("{FAE04EC0-301F-11D3-BF4B-00C04F79EFBC}") = "KFisher.WebApi.Models", "KFisher.WebApi.Models\KFisher.WebApi.Models.csproj", "{DF232AD7-9337-46D1-8F69-B03000537711}"
EndProject
Project("{FAE04EC0-301F-11D3-BF4B-00C04F79EFBC}") = "KFisher.Mobile.Android", "KFisher.Mobile\KFisher.Mobile.Android\KFisher.Mobile.Android.csproj", "{40EEF98B-9E7A-4629-83E2-CBC62B042E4D}"
EndProject
Project("{FAE04EC0-301F-11D3-BF4B-00C04F79EFBC}") = "KFisher.Mobile", "KFisher.Mobile\KFisher.Mobile\KFisher.Mobile.csproj", "{6AE7008A-5A0B-44F5-A7D2-883B02C788A8}"
EndProject
Project("{FAE04EC0-301F-11D3-BF4B-00C04F79EFBC}") = "KFisher.Mobile.iOS", "KFisher.Mobile\KFisher.Mobile.iOS\KFisher.Mobile.iOS.csproj", "{9A9F4E8C-AB15-44E8-8E76-C67906046998}"
EndProject
Global
	GlobalSection(SolutionConfigurationPlatforms) = preSolution
		Ad-Hoc|Any CPU = Ad-Hoc|Any CPU
		Ad-Hoc|iPhone = Ad-Hoc|iPhone
		Ad-Hoc|iPhoneSimulator = Ad-Hoc|iPhoneSimulator
		AppStore|Any CPU = AppStore|Any CPU
		AppStore|iPhone = AppStore|iPhone
		AppStore|iPhoneSimulator = AppStore|iPhoneSimulator
		Debug|Any CPU = Debug|Any CPU
		Debug|iPhone = Debug|iPhone
		Debug|iPhoneSimulator = Debug|iPhoneSimulator
		Release|Any CPU = Release|Any CPU
		Release|iPhone = Release|iPhone
		Release|iPhoneSimulator = Release|iPhoneSimulator
	EndGlobalSection
	GlobalSection(ProjectConfigurationPlatforms) = postSolution
		{3EFB7A6B-FF50-422E-826A-1FAACEDCCF39}.Ad-Hoc|Any CPU.ActiveCfg = Release|Any CPU
		{3EFB7A6B-FF50-422E-826A-1FAACEDCCF39}.Ad-Hoc|Any CPU.Build.0 = Release|Any CPU
		{3EFB7A6B-FF50-422E-826A-1FAACEDCCF39}.Ad-Hoc|iPhone.ActiveCfg = Release|Any CPU
		{3EFB7A6B-FF50-422E-826A-1FAACEDCCF39}.Ad-Hoc|iPhone.Build.0 = Release|Any CPU
		{3EFB7A6B-FF50-422E-826A-1FAACEDCCF39}.Ad-Hoc|iPhoneSimulator.ActiveCfg = Release|Any CPU
		{3EFB7A6B-FF50-422E-826A-1FAACEDCCF39}.Ad-Hoc|iPhoneSimulator.Build.0 = Release|Any CPU
		{3EFB7A6B-FF50-422E-826A-1FAACEDCCF39}.AppStore|Any CPU.ActiveCfg = Release|Any CPU
		{3EFB7A6B-FF50-422E-826A-1FAACEDCCF39}.AppStore|Any CPU.Build.0 = Release|Any CPU
		{3EFB7A6B-FF50-422E-826A-1FAACEDCCF39}.AppStore|iPhone.ActiveCfg = Release|Any CPU
		{3EFB7A6B-FF50-422E-826A-1FAACEDCCF39}.AppStore|iPhone.Build.0 = Release|Any CPU
		{3EFB7A6B-FF50-422E-826A-1FAACEDCCF39}.AppStore|iPhoneSimulator.ActiveCfg = Release|Any CPU
		{3EFB7A6B-FF50-422E-826A-1FAACEDCCF39}.AppStore|iPhoneSimulator.Build.0 = Release|Any CPU
		{3EFB7A6B-FF50-422E-826A-1FAACEDCCF39}.Debug|Any CPU.ActiveCfg = Debug|Any CPU
		{3EFB7A6B-FF50-422E-826A-1FAACEDCCF39}.Debug|Any CPU.Build.0 = Debug|Any CPU
		{3EFB7A6B-FF50-422E-826A-1FAACEDCCF39}.Debug|iPhone.ActiveCfg = Debug|Any CPU
		{3EFB7A6B-FF50-422E-826A-1FAACEDCCF39}.Debug|iPhone.Build.0 = Debug|Any CPU
		{3EFB7A6B-FF50-422E-826A-1FAACEDCCF39}.Debug|iPhoneSimulator.ActiveCfg = Debug|Any CPU
		{3EFB7A6B-FF50-422E-826A-1FAACEDCCF39}.Debug|iPhoneSimulator.Build.0 = Debug|Any CPU
		{3EFB7A6B-FF50-422E-826A-1FAACEDCCF39}.Release|Any CPU.ActiveCfg = Release|Any CPU
		{3EFB7A6B-FF50-422E-826A-1FAACEDCCF39}.Release|Any CPU.Build.0 = Release|Any CPU
		{3EFB7A6B-FF50-422E-826A-1FAACEDCCF39}.Release|iPhone.ActiveCfg = Release|Any CPU
		{3EFB7A6B-FF50-422E-826A-1FAACEDCCF39}.Release|iPhone.Build.0 = Release|Any CPU
		{3EFB7A6B-FF50-422E-826A-1FAACEDCCF39}.Release|iPhoneSimulator.ActiveCfg = Release|Any CPU
		{3EFB7A6B-FF50-422E-826A-1FAACEDCCF39}.Release|iPhoneSimulator.Build.0 = Release|Any CPU
		{D9F8D3DF-4A96-46BF-B9AC-0F1D9E2C6552}.Ad-Hoc|Any CPU.ActiveCfg = Release|Any CPU
		{D9F8D3DF-4A96-46BF-B9AC-0F1D9E2C6552}.Ad-Hoc|Any CPU.Build.0 = Release|Any CPU
		{D9F8D3DF-4A96-46BF-B9AC-0F1D9E2C6552}.Ad-Hoc|iPhone.ActiveCfg = Release|Any CPU
		{D9F8D3DF-4A96-46BF-B9AC-0F1D9E2C6552}.Ad-Hoc|iPhone.Build.0 = Release|Any CPU
		{D9F8D3DF-4A96-46BF-B9AC-0F1D9E2C6552}.Ad-Hoc|iPhoneSimulator.ActiveCfg = Release|Any CPU
		{D9F8D3DF-4A96-46BF-B9AC-0F1D9E2C6552}.Ad-Hoc|iPhoneSimulator.Build.0 = Release|Any CPU
		{D9F8D3DF-4A96-46BF-B9AC-0F1D9E2C6552}.AppStore|Any CPU.ActiveCfg = Release|Any CPU
		{D9F8D3DF-4A96-46BF-B9AC-0F1D9E2C6552}.AppStore|Any CPU.Build.0 = Release|Any CPU
		{D9F8D3DF-4A96-46BF-B9AC-0F1D9E2C6552}.AppStore|iPhone.ActiveCfg = Release|Any CPU
		{D9F8D3DF-4A96-46BF-B9AC-0F1D9E2C6552}.AppStore|iPhone.Build.0 = Release|Any CPU
		{D9F8D3DF-4A96-46BF-B9AC-0F1D9E2C6552}.AppStore|iPhoneSimulator.ActiveCfg = Release|Any CPU
		{D9F8D3DF-4A96-46BF-B9AC-0F1D9E2C6552}.AppStore|iPhoneSimulator.Build.0 = Release|Any CPU
		{D9F8D3DF-4A96-46BF-B9AC-0F1D9E2C6552}.Debug|Any CPU.ActiveCfg = Debug|Any CPU
		{D9F8D3DF-4A96-46BF-B9AC-0F1D9E2C6552}.Debug|Any CPU.Build.0 = Debug|Any CPU
		{D9F8D3DF-4A96-46BF-B9AC-0F1D9E2C6552}.Debug|iPhone.ActiveCfg = Debug|Any CPU
		{D9F8D3DF-4A96-46BF-B9AC-0F1D9E2C6552}.Debug|iPhone.Build.0 = Debug|Any CPU
		{D9F8D3DF-4A96-46BF-B9AC-0F1D9E2C6552}.Debug|iPhoneSimulator.ActiveCfg = Debug|Any CPU
		{D9F8D3DF-4A96-46BF-B9AC-0F1D9E2C6552}.Debug|iPhoneSimulator.Build.0 = Debug|Any CPU
		{D9F8D3DF-4A96-46BF-B9AC-0F1D9E2C6552}.Release|Any CPU.ActiveCfg = Release|Any CPU
		{D9F8D3DF-4A96-46BF-B9AC-0F1D9E2C6552}.Release|Any CPU.Build.0 = Release|Any CPU
		{D9F8D3DF-4A96-46BF-B9AC-0F1D9E2C6552}.Release|iPhone.ActiveCfg = Release|Any CPU
		{D9F8D3DF-4A96-46BF-B9AC-0F1D9E2C6552}.Release|iPhone.Build.0 = Release|Any CPU
		{D9F8D3DF-4A96-46BF-B9AC-0F1D9E2C6552}.Release|iPhoneSimulator.ActiveCfg = Release|Any CPU
		{D9F8D3DF-4A96-46BF-B9AC-0F1D9E2C6552}.Release|iPhoneSimulator.Build.0 = Release|Any CPU
		{DEB48525-4FA4-4A29-8E00-8EB68A835FC7}.Ad-Hoc|Any CPU.ActiveCfg = Release|Any CPU
		{DEB48525-4FA4-4A29-8E00-8EB68A835FC7}.Ad-Hoc|Any CPU.Build.0 = Release|Any CPU
		{DEB48525-4FA4-4A29-8E00-8EB68A835FC7}.Ad-Hoc|iPhone.ActiveCfg = Release|Any CPU
		{DEB48525-4FA4-4A29-8E00-8EB68A835FC7}.Ad-Hoc|iPhone.Build.0 = Release|Any CPU
		{DEB48525-4FA4-4A29-8E00-8EB68A835FC7}.Ad-Hoc|iPhoneSimulator.ActiveCfg = Release|Any CPU
		{DEB48525-4FA4-4A29-8E00-8EB68A835FC7}.Ad-Hoc|iPhoneSimulator.Build.0 = Release|Any CPU
		{DEB48525-4FA4-4A29-8E00-8EB68A835FC7}.AppStore|Any CPU.ActiveCfg = Release|Any CPU
		{DEB48525-4FA4-4A29-8E00-8EB68A835FC7}.AppStore|Any CPU.Build.0 = Release|Any CPU
		{DEB48525-4FA4-4A29-8E00-8EB68A835FC7}.AppStore|iPhone.ActiveCfg = Release|Any CPU
		{DEB48525-4FA4-4A29-8E00-8EB68A835FC7}.AppStore|iPhone.Build.0 = Release|Any CPU
		{DEB48525-4FA4-4A29-8E00-8EB68A835FC7}.AppStore|iPhoneSimulator.ActiveCfg = Release|Any CPU
		{DEB48525-4FA4-4A29-8E00-8EB68A835FC7}.AppStore|iPhoneSimulator.Build.0 = Release|Any CPU
		{DEB48525-4FA4-4A29-8E00-8EB68A835FC7}.Debug|Any CPU.ActiveCfg = Debug|Any CPU
		{DEB48525-4FA4-4A29-8E00-8EB68A835FC7}.Debug|Any CPU.Build.0 = Debug|Any CPU
		{DEB48525-4FA4-4A29-8E00-8EB68A835FC7}.Debug|iPhone.ActiveCfg = Debug|Any CPU
		{DEB48525-4FA4-4A29-8E00-8EB68A835FC7}.Debug|iPhone.Build.0 = Debug|Any CPU
		{DEB48525-4FA4-4A29-8E00-8EB68A835FC7}.Debug|iPhoneSimulator.ActiveCfg = Debug|Any CPU
		{DEB48525-4FA4-4A29-8E00-8EB68A835FC7}.Debug|iPhoneSimulator.Build.0 = Debug|Any CPU
		{DEB48525-4FA4-4A29-8E00-8EB68A835FC7}.Release|Any CPU.ActiveCfg = Release|Any CPU
		{DEB48525-4FA4-4A29-8E00-8EB68A835FC7}.Release|Any CPU.Build.0 = Release|Any CPU
		{DEB48525-4FA4-4A29-8E00-8EB68A835FC7}.Release|iPhone.ActiveCfg = Release|Any CPU
		{DEB48525-4FA4-4A29-8E00-8EB68A835FC7}.Release|iPhone.Build.0 = Release|Any CPU
		{DEB48525-4FA4-4A29-8E00-8EB68A835FC7}.Release|iPhoneSimulator.ActiveCfg = Release|Any CPU
		{DEB48525-4FA4-4A29-8E00-8EB68A835FC7}.Release|iPhoneSimulator.Build.0 = Release|Any CPU
		{70837252-D1AE-4703-816C-22454593D819}.Ad-Hoc|Any CPU.ActiveCfg = Release|Any CPU
		{70837252-D1AE-4703-816C-22454593D819}.Ad-Hoc|Any CPU.Build.0 = Release|Any CPU
		{70837252-D1AE-4703-816C-22454593D819}.Ad-Hoc|iPhone.ActiveCfg = Release|Any CPU
		{70837252-D1AE-4703-816C-22454593D819}.Ad-Hoc|iPhone.Build.0 = Release|Any CPU
		{70837252-D1AE-4703-816C-22454593D819}.Ad-Hoc|iPhoneSimulator.ActiveCfg = Release|Any CPU
		{70837252-D1AE-4703-816C-22454593D819}.Ad-Hoc|iPhoneSimulator.Build.0 = Release|Any CPU
		{70837252-D1AE-4703-816C-22454593D819}.AppStore|Any CPU.ActiveCfg = Release|Any CPU
		{70837252-D1AE-4703-816C-22454593D819}.AppStore|Any CPU.Build.0 = Release|Any CPU
		{70837252-D1AE-4703-816C-22454593D819}.AppStore|iPhone.ActiveCfg = Release|Any CPU
		{70837252-D1AE-4703-816C-22454593D819}.AppStore|iPhone.Build.0 = Release|Any CPU
		{70837252-D1AE-4703-816C-22454593D819}.AppStore|iPhoneSimulator.ActiveCfg = Release|Any CPU
		{70837252-D1AE-4703-816C-22454593D819}.AppStore|iPhoneSimulator.Build.0 = Release|Any CPU
		{70837252-D1AE-4703-816C-22454593D819}.Debug|Any CPU.ActiveCfg = Debug|Any CPU
		{70837252-D1AE-4703-816C-22454593D819}.Debug|Any CPU.Build.0 = Debug|Any CPU
		{70837252-D1AE-4703-816C-22454593D819}.Debug|iPhone.ActiveCfg = Debug|Any CPU
		{70837252-D1AE-4703-816C-22454593D819}.Debug|iPhone.Build.0 = Debug|Any CPU
		{70837252-D1AE-4703-816C-22454593D819}.Debug|iPhoneSimulator.ActiveCfg = Debug|Any CPU
		{70837252-D1AE-4703-816C-22454593D819}.Debug|iPhoneSimulator.Build.0 = Debug|Any CPU
		{70837252-D1AE-4703-816C-22454593D819}.Release|Any CPU.ActiveCfg = Release|Any CPU
		{70837252-D1AE-4703-816C-22454593D819}.Release|Any CPU.Build.0 = Release|Any CPU
		{70837252-D1AE-4703-816C-22454593D819}.Release|iPhone.ActiveCfg = Release|Any CPU
		{70837252-D1AE-4703-816C-22454593D819}.Release|iPhone.Build.0 = Release|Any CPU
		{70837252-D1AE-4703-816C-22454593D819}.Release|iPhoneSimulator.ActiveCfg = Release|Any CPU
		{70837252-D1AE-4703-816C-22454593D819}.Release|iPhoneSimulator.Build.0 = Release|Any CPU
		{6A8079AA-35FC-40F5-B5FC-23224E791348}.Ad-Hoc|Any CPU.ActiveCfg = Release|Any CPU
		{6A8079AA-35FC-40F5-B5FC-23224E791348}.Ad-Hoc|Any CPU.Build.0 = Release|Any CPU
		{6A8079AA-35FC-40F5-B5FC-23224E791348}.Ad-Hoc|iPhone.ActiveCfg = Release|Any CPU
		{6A8079AA-35FC-40F5-B5FC-23224E791348}.Ad-Hoc|iPhone.Build.0 = Release|Any CPU
		{6A8079AA-35FC-40F5-B5FC-23224E791348}.Ad-Hoc|iPhoneSimulator.ActiveCfg = Release|Any CPU
		{6A8079AA-35FC-40F5-B5FC-23224E791348}.Ad-Hoc|iPhoneSimulator.Build.0 = Release|Any CPU
		{6A8079AA-35FC-40F5-B5FC-23224E791348}.AppStore|Any CPU.ActiveCfg = Release|Any CPU
		{6A8079AA-35FC-40F5-B5FC-23224E791348}.AppStore|Any CPU.Build.0 = Release|Any CPU
		{6A8079AA-35FC-40F5-B5FC-23224E791348}.AppStore|iPhone.ActiveCfg = Release|Any CPU
		{6A8079AA-35FC-40F5-B5FC-23224E791348}.AppStore|iPhone.Build.0 = Release|Any CPU
		{6A8079AA-35FC-40F5-B5FC-23224E791348}.AppStore|iPhoneSimulator.ActiveCfg = Release|Any CPU
		{6A8079AA-35FC-40F5-B5FC-23224E791348}.AppStore|iPhoneSimulator.Build.0 = Release|Any CPU
		{6A8079AA-35FC-40F5-B5FC-23224E791348}.Debug|Any CPU.ActiveCfg = Debug|Any CPU
		{6A8079AA-35FC-40F5-B5FC-23224E791348}.Debug|Any CPU.Build.0 = Debug|Any CPU
		{6A8079AA-35FC-40F5-B5FC-23224E791348}.Debug|iPhone.ActiveCfg = Debug|Any CPU
		{6A8079AA-35FC-40F5-B5FC-23224E791348}.Debug|iPhone.Build.0 = Debug|Any CPU
		{6A8079AA-35FC-40F5-B5FC-23224E791348}.Debug|iPhoneSimulator.ActiveCfg = Debug|Any CPU
		{6A8079AA-35FC-40F5-B5FC-23224E791348}.Debug|iPhoneSimulator.Build.0 = Debug|Any CPU
		{6A8079AA-35FC-40F5-B5FC-23224E791348}.Release|Any CPU.ActiveCfg = Release|Any CPU
		{6A8079AA-35FC-40F5-B5FC-23224E791348}.Release|Any CPU.Build.0 = Release|Any CPU
		{6A8079AA-35FC-40F5-B5FC-23224E791348}.Release|iPhone.ActiveCfg = Release|Any CPU
		{6A8079AA-35FC-40F5-B5FC-23224E791348}.Release|iPhone.Build.0 = Release|Any CPU
		{6A8079AA-35FC-40F5-B5FC-23224E791348}.Release|iPhoneSimulator.ActiveCfg = Release|Any CPU
		{6A8079AA-35FC-40F5-B5FC-23224E791348}.Release|iPhoneSimulator.Build.0 = Release|Any CPU
		{F4EB9E68-E3B5-4F88-8D20-441F398093E3}.Ad-Hoc|Any CPU.ActiveCfg = Release|Any CPU
		{F4EB9E68-E3B5-4F88-8D20-441F398093E3}.Ad-Hoc|Any CPU.Build.0 = Release|Any CPU
		{F4EB9E68-E3B5-4F88-8D20-441F398093E3}.Ad-Hoc|iPhone.ActiveCfg = Release|Any CPU
		{F4EB9E68-E3B5-4F88-8D20-441F398093E3}.Ad-Hoc|iPhone.Build.0 = Release|Any CPU
		{F4EB9E68-E3B5-4F88-8D20-441F398093E3}.Ad-Hoc|iPhoneSimulator.ActiveCfg = Release|Any CPU
		{F4EB9E68-E3B5-4F88-8D20-441F398093E3}.Ad-Hoc|iPhoneSimulator.Build.0 = Release|Any CPU
		{F4EB9E68-E3B5-4F88-8D20-441F398093E3}.AppStore|Any CPU.ActiveCfg = Release|Any CPU
		{F4EB9E68-E3B5-4F88-8D20-441F398093E3}.AppStore|Any CPU.Build.0 = Release|Any CPU
		{F4EB9E68-E3B5-4F88-8D20-441F398093E3}.AppStore|iPhone.ActiveCfg = Release|Any CPU
		{F4EB9E68-E3B5-4F88-8D20-441F398093E3}.AppStore|iPhone.Build.0 = Release|Any CPU
		{F4EB9E68-E3B5-4F88-8D20-441F398093E3}.AppStore|iPhoneSimulator.ActiveCfg = Release|Any CPU
		{F4EB9E68-E3B5-4F88-8D20-441F398093E3}.AppStore|iPhoneSimulator.Build.0 = Release|Any CPU
		{F4EB9E68-E3B5-4F88-8D20-441F398093E3}.Debug|Any CPU.ActiveCfg = Debug|Any CPU
		{F4EB9E68-E3B5-4F88-8D20-441F398093E3}.Debug|Any CPU.Build.0 = Debug|Any CPU
		{F4EB9E68-E3B5-4F88-8D20-441F398093E3}.Debug|iPhone.ActiveCfg = Debug|Any CPU
		{F4EB9E68-E3B5-4F88-8D20-441F398093E3}.Debug|iPhone.Build.0 = Debug|Any CPU
		{F4EB9E68-E3B5-4F88-8D20-441F398093E3}.Debug|iPhoneSimulator.ActiveCfg = Debug|Any CPU
		{F4EB9E68-E3B5-4F88-8D20-441F398093E3}.Debug|iPhoneSimulator.Build.0 = Debug|Any CPU
		{F4EB9E68-E3B5-4F88-8D20-441F398093E3}.Release|Any CPU.ActiveCfg = Release|Any CPU
		{F4EB9E68-E3B5-4F88-8D20-441F398093E3}.Release|Any CPU.Build.0 = Release|Any CPU
		{F4EB9E68-E3B5-4F88-8D20-441F398093E3}.Release|iPhone.ActiveCfg = Release|Any CPU
		{F4EB9E68-E3B5-4F88-8D20-441F398093E3}.Release|iPhone.Build.0 = Release|Any CPU
		{F4EB9E68-E3B5-4F88-8D20-441F398093E3}.Release|iPhoneSimulator.ActiveCfg = Release|Any CPU
		{F4EB9E68-E3B5-4F88-8D20-441F398093E3}.Release|iPhoneSimulator.Build.0 = Release|Any CPU
		{ED50DD84-092A-4638-842F-8F6B5FAED378}.Ad-Hoc|Any CPU.ActiveCfg = Release|Any CPU
		{ED50DD84-092A-4638-842F-8F6B5FAED378}.Ad-Hoc|Any CPU.Build.0 = Release|Any CPU
		{ED50DD84-092A-4638-842F-8F6B5FAED378}.Ad-Hoc|iPhone.ActiveCfg = Release|Any CPU
		{ED50DD84-092A-4638-842F-8F6B5FAED378}.Ad-Hoc|iPhone.Build.0 = Release|Any CPU
		{ED50DD84-092A-4638-842F-8F6B5FAED378}.Ad-Hoc|iPhoneSimulator.ActiveCfg = Release|Any CPU
		{ED50DD84-092A-4638-842F-8F6B5FAED378}.Ad-Hoc|iPhoneSimulator.Build.0 = Release|Any CPU
		{ED50DD84-092A-4638-842F-8F6B5FAED378}.AppStore|Any CPU.ActiveCfg = Release|Any CPU
		{ED50DD84-092A-4638-842F-8F6B5FAED378}.AppStore|Any CPU.Build.0 = Release|Any CPU
		{ED50DD84-092A-4638-842F-8F6B5FAED378}.AppStore|iPhone.ActiveCfg = Release|Any CPU
		{ED50DD84-092A-4638-842F-8F6B5FAED378}.AppStore|iPhone.Build.0 = Release|Any CPU
		{ED50DD84-092A-4638-842F-8F6B5FAED378}.AppStore|iPhoneSimulator.ActiveCfg = Release|Any CPU
		{ED50DD84-092A-4638-842F-8F6B5FAED378}.AppStore|iPhoneSimulator.Build.0 = Release|Any CPU
		{ED50DD84-092A-4638-842F-8F6B5FAED378}.Debug|Any CPU.ActiveCfg = Debug|Any CPU
		{ED50DD84-092A-4638-842F-8F6B5FAED378}.Debug|Any CPU.Build.0 = Debug|Any CPU
		{ED50DD84-092A-4638-842F-8F6B5FAED378}.Debug|iPhone.ActiveCfg = Debug|Any CPU
		{ED50DD84-092A-4638-842F-8F6B5FAED378}.Debug|iPhone.Build.0 = Debug|Any CPU
		{ED50DD84-092A-4638-842F-8F6B5FAED378}.Debug|iPhoneSimulator.ActiveCfg = Debug|Any CPU
		{ED50DD84-092A-4638-842F-8F6B5FAED378}.Debug|iPhoneSimulator.Build.0 = Debug|Any CPU
		{ED50DD84-092A-4638-842F-8F6B5FAED378}.Release|Any CPU.ActiveCfg = Release|Any CPU
		{ED50DD84-092A-4638-842F-8F6B5FAED378}.Release|Any CPU.Build.0 = Release|Any CPU
		{ED50DD84-092A-4638-842F-8F6B5FAED378}.Release|iPhone.ActiveCfg = Release|Any CPU
		{ED50DD84-092A-4638-842F-8F6B5FAED378}.Release|iPhone.Build.0 = Release|Any CPU
		{ED50DD84-092A-4638-842F-8F6B5FAED378}.Release|iPhoneSimulator.ActiveCfg = Release|Any CPU
		{ED50DD84-092A-4638-842F-8F6B5FAED378}.Release|iPhoneSimulator.Build.0 = Release|Any CPU
		{3069764C-D820-49FB-943C-4BE396429F9A}.Ad-Hoc|Any CPU.ActiveCfg = Release|Any CPU
		{3069764C-D820-49FB-943C-4BE396429F9A}.Ad-Hoc|Any CPU.Build.0 = Release|Any CPU
		{3069764C-D820-49FB-943C-4BE396429F9A}.Ad-Hoc|iPhone.ActiveCfg = Release|Any CPU
		{3069764C-D820-49FB-943C-4BE396429F9A}.Ad-Hoc|iPhone.Build.0 = Release|Any CPU
		{3069764C-D820-49FB-943C-4BE396429F9A}.Ad-Hoc|iPhoneSimulator.ActiveCfg = Release|Any CPU
		{3069764C-D820-49FB-943C-4BE396429F9A}.Ad-Hoc|iPhoneSimulator.Build.0 = Release|Any CPU
		{3069764C-D820-49FB-943C-4BE396429F9A}.AppStore|Any CPU.ActiveCfg = Release|Any CPU
		{3069764C-D820-49FB-943C-4BE396429F9A}.AppStore|Any CPU.Build.0 = Release|Any CPU
		{3069764C-D820-49FB-943C-4BE396429F9A}.AppStore|iPhone.ActiveCfg = Release|Any CPU
		{3069764C-D820-49FB-943C-4BE396429F9A}.AppStore|iPhone.Build.0 = Release|Any CPU
		{3069764C-D820-49FB-943C-4BE396429F9A}.AppStore|iPhoneSimulator.ActiveCfg = Release|Any CPU
		{3069764C-D820-49FB-943C-4BE396429F9A}.AppStore|iPhoneSimulator.Build.0 = Release|Any CPU
		{3069764C-D820-49FB-943C-4BE396429F9A}.Debug|Any CPU.ActiveCfg = Debug|Any CPU
		{3069764C-D820-49FB-943C-4BE396429F9A}.Debug|Any CPU.Build.0 = Debug|Any CPU
		{3069764C-D820-49FB-943C-4BE396429F9A}.Debug|iPhone.ActiveCfg = Debug|Any CPU
		{3069764C-D820-49FB-943C-4BE396429F9A}.Debug|iPhone.Build.0 = Debug|Any CPU
		{3069764C-D820-49FB-943C-4BE396429F9A}.Debug|iPhoneSimulator.ActiveCfg = Debug|Any CPU
		{3069764C-D820-49FB-943C-4BE396429F9A}.Debug|iPhoneSimulator.Build.0 = Debug|Any CPU
		{3069764C-D820-49FB-943C-4BE396429F9A}.Release|Any CPU.ActiveCfg = Release|Any CPU
		{3069764C-D820-49FB-943C-4BE396429F9A}.Release|Any CPU.Build.0 = Release|Any CPU
		{3069764C-D820-49FB-943C-4BE396429F9A}.Release|iPhone.ActiveCfg = Release|Any CPU
		{3069764C-D820-49FB-943C-4BE396429F9A}.Release|iPhone.Build.0 = Release|Any CPU
		{3069764C-D820-49FB-943C-4BE396429F9A}.Release|iPhoneSimulator.ActiveCfg = Release|Any CPU
		{3069764C-D820-49FB-943C-4BE396429F9A}.Release|iPhoneSimulator.Build.0 = Release|Any CPU
		{7E90CB9D-DEE7-48AA-960C-AEC689982D22}.Ad-Hoc|Any CPU.ActiveCfg = Release|Any CPU
		{7E90CB9D-DEE7-48AA-960C-AEC689982D22}.Ad-Hoc|Any CPU.Build.0 = Release|Any CPU
		{7E90CB9D-DEE7-48AA-960C-AEC689982D22}.Ad-Hoc|iPhone.ActiveCfg = Release|Any CPU
		{7E90CB9D-DEE7-48AA-960C-AEC689982D22}.Ad-Hoc|iPhone.Build.0 = Release|Any CPU
		{7E90CB9D-DEE7-48AA-960C-AEC689982D22}.Ad-Hoc|iPhoneSimulator.ActiveCfg = Release|Any CPU
		{7E90CB9D-DEE7-48AA-960C-AEC689982D22}.Ad-Hoc|iPhoneSimulator.Build.0 = Release|Any CPU
		{7E90CB9D-DEE7-48AA-960C-AEC689982D22}.AppStore|Any CPU.ActiveCfg = Release|Any CPU
		{7E90CB9D-DEE7-48AA-960C-AEC689982D22}.AppStore|Any CPU.Build.0 = Release|Any CPU
		{7E90CB9D-DEE7-48AA-960C-AEC689982D22}.AppStore|iPhone.ActiveCfg = Release|Any CPU
		{7E90CB9D-DEE7-48AA-960C-AEC689982D22}.AppStore|iPhone.Build.0 = Release|Any CPU
		{7E90CB9D-DEE7-48AA-960C-AEC689982D22}.AppStore|iPhoneSimulator.ActiveCfg = Release|Any CPU
		{7E90CB9D-DEE7-48AA-960C-AEC689982D22}.AppStore|iPhoneSimulator.Build.0 = Release|Any CPU
		{7E90CB9D-DEE7-48AA-960C-AEC689982D22}.Debug|Any CPU.ActiveCfg = Debug|Any CPU
		{7E90CB9D-DEE7-48AA-960C-AEC689982D22}.Debug|Any CPU.Build.0 = Debug|Any CPU
		{7E90CB9D-DEE7-48AA-960C-AEC689982D22}.Debug|iPhone.ActiveCfg = Debug|Any CPU
		{7E90CB9D-DEE7-48AA-960C-AEC689982D22}.Debug|iPhone.Build.0 = Debug|Any CPU
		{7E90CB9D-DEE7-48AA-960C-AEC689982D22}.Debug|iPhoneSimulator.ActiveCfg = Debug|Any CPU
		{7E90CB9D-DEE7-48AA-960C-AEC689982D22}.Debug|iPhoneSimulator.Build.0 = Debug|Any CPU
		{7E90CB9D-DEE7-48AA-960C-AEC689982D22}.Release|Any CPU.ActiveCfg = Release|Any CPU
		{7E90CB9D-DEE7-48AA-960C-AEC689982D22}.Release|Any CPU.Build.0 = Release|Any CPU
		{7E90CB9D-DEE7-48AA-960C-AEC689982D22}.Release|iPhone.ActiveCfg = Release|Any CPU
		{7E90CB9D-DEE7-48AA-960C-AEC689982D22}.Release|iPhone.Build.0 = Release|Any CPU
		{7E90CB9D-DEE7-48AA-960C-AEC689982D22}.Release|iPhoneSimulator.ActiveCfg = Release|Any CPU
		{7E90CB9D-DEE7-48AA-960C-AEC689982D22}.Release|iPhoneSimulator.Build.0 = Release|Any CPU
		{2C9677CC-AC2F-4D9E-8352-AB1F35930BE8}.Ad-Hoc|Any CPU.ActiveCfg = Release|Any CPU
		{2C9677CC-AC2F-4D9E-8352-AB1F35930BE8}.Ad-Hoc|Any CPU.Build.0 = Release|Any CPU
		{2C9677CC-AC2F-4D9E-8352-AB1F35930BE8}.Ad-Hoc|iPhone.ActiveCfg = Release|Any CPU
		{2C9677CC-AC2F-4D9E-8352-AB1F35930BE8}.Ad-Hoc|iPhone.Build.0 = Release|Any CPU
		{2C9677CC-AC2F-4D9E-8352-AB1F35930BE8}.Ad-Hoc|iPhoneSimulator.ActiveCfg = Release|Any CPU
		{2C9677CC-AC2F-4D9E-8352-AB1F35930BE8}.Ad-Hoc|iPhoneSimulator.Build.0 = Release|Any CPU
		{2C9677CC-AC2F-4D9E-8352-AB1F35930BE8}.AppStore|Any CPU.ActiveCfg = Release|Any CPU
		{2C9677CC-AC2F-4D9E-8352-AB1F35930BE8}.AppStore|Any CPU.Build.0 = Release|Any CPU
		{2C9677CC-AC2F-4D9E-8352-AB1F35930BE8}.AppStore|iPhone.ActiveCfg = Release|Any CPU
		{2C9677CC-AC2F-4D9E-8352-AB1F35930BE8}.AppStore|iPhone.Build.0 = Release|Any CPU
		{2C9677CC-AC2F-4D9E-8352-AB1F35930BE8}.AppStore|iPhoneSimulator.ActiveCfg = Release|Any CPU
		{2C9677CC-AC2F-4D9E-8352-AB1F35930BE8}.AppStore|iPhoneSimulator.Build.0 = Release|Any CPU
		{2C9677CC-AC2F-4D9E-8352-AB1F35930BE8}.Debug|Any CPU.ActiveCfg = Debug|Any CPU
		{2C9677CC-AC2F-4D9E-8352-AB1F35930BE8}.Debug|Any CPU.Build.0 = Debug|Any CPU
		{2C9677CC-AC2F-4D9E-8352-AB1F35930BE8}.Debug|iPhone.ActiveCfg = Debug|Any CPU
		{2C9677CC-AC2F-4D9E-8352-AB1F35930BE8}.Debug|iPhone.Build.0 = Debug|Any CPU
		{2C9677CC-AC2F-4D9E-8352-AB1F35930BE8}.Debug|iPhoneSimulator.ActiveCfg = Debug|Any CPU
		{2C9677CC-AC2F-4D9E-8352-AB1F35930BE8}.Debug|iPhoneSimulator.Build.0 = Debug|Any CPU
		{2C9677CC-AC2F-4D9E-8352-AB1F35930BE8}.Release|Any CPU.ActiveCfg = Release|Any CPU
		{2C9677CC-AC2F-4D9E-8352-AB1F35930BE8}.Release|Any CPU.Build.0 = Release|Any CPU
		{2C9677CC-AC2F-4D9E-8352-AB1F35930BE8}.Release|iPhone.ActiveCfg = Release|Any CPU
		{2C9677CC-AC2F-4D9E-8352-AB1F35930BE8}.Release|iPhone.Build.0 = Release|Any CPU
		{2C9677CC-AC2F-4D9E-8352-AB1F35930BE8}.Release|iPhoneSimulator.ActiveCfg = Release|Any CPU
		{2C9677CC-AC2F-4D9E-8352-AB1F35930BE8}.Release|iPhoneSimulator.Build.0 = Release|Any CPU
		{DF232AD7-9337-46D1-8F69-B03000537711}.Ad-Hoc|Any CPU.ActiveCfg = Release|Any CPU
		{DF232AD7-9337-46D1-8F69-B03000537711}.Ad-Hoc|Any CPU.Build.0 = Release|Any CPU
		{DF232AD7-9337-46D1-8F69-B03000537711}.Ad-Hoc|iPhone.ActiveCfg = Release|Any CPU
		{DF232AD7-9337-46D1-8F69-B03000537711}.Ad-Hoc|iPhone.Build.0 = Release|Any CPU
		{DF232AD7-9337-46D1-8F69-B03000537711}.Ad-Hoc|iPhoneSimulator.ActiveCfg = Release|Any CPU
		{DF232AD7-9337-46D1-8F69-B03000537711}.Ad-Hoc|iPhoneSimulator.Build.0 = Release|Any CPU
		{DF232AD7-9337-46D1-8F69-B03000537711}.AppStore|Any CPU.ActiveCfg = Release|Any CPU
		{DF232AD7-9337-46D1-8F69-B03000537711}.AppStore|Any CPU.Build.0 = Release|Any CPU
		{DF232AD7-9337-46D1-8F69-B03000537711}.AppStore|iPhone.ActiveCfg = Release|Any CPU
		{DF232AD7-9337-46D1-8F69-B03000537711}.AppStore|iPhone.Build.0 = Release|Any CPU
		{DF232AD7-9337-46D1-8F69-B03000537711}.AppStore|iPhoneSimulator.ActiveCfg = Release|Any CPU
		{DF232AD7-9337-46D1-8F69-B03000537711}.AppStore|iPhoneSimulator.Build.0 = Release|Any CPU
		{DF232AD7-9337-46D1-8F69-B03000537711}.Debug|Any CPU.ActiveCfg = Debug|Any CPU
		{DF232AD7-9337-46D1-8F69-B03000537711}.Debug|Any CPU.Build.0 = Debug|Any CPU
		{DF232AD7-9337-46D1-8F69-B03000537711}.Debug|iPhone.ActiveCfg = Debug|Any CPU
		{DF232AD7-9337-46D1-8F69-B03000537711}.Debug|iPhone.Build.0 = Debug|Any CPU
		{DF232AD7-9337-46D1-8F69-B03000537711}.Debug|iPhoneSimulator.ActiveCfg = Debug|Any CPU
		{DF232AD7-9337-46D1-8F69-B03000537711}.Debug|iPhoneSimulator.Build.0 = Debug|Any CPU
		{DF232AD7-9337-46D1-8F69-B03000537711}.Release|Any CPU.ActiveCfg = Release|Any CPU
		{DF232AD7-9337-46D1-8F69-B03000537711}.Release|Any CPU.Build.0 = Release|Any CPU
		{DF232AD7-9337-46D1-8F69-B03000537711}.Release|iPhone.ActiveCfg = Release|Any CPU
		{DF232AD7-9337-46D1-8F69-B03000537711}.Release|iPhone.Build.0 = Release|Any CPU
		{DF232AD7-9337-46D1-8F69-B03000537711}.Release|iPhoneSimulator.ActiveCfg = Release|Any CPU
		{DF232AD7-9337-46D1-8F69-B03000537711}.Release|iPhoneSimulator.Build.0 = Release|Any CPU
		{40EEF98B-9E7A-4629-83E2-CBC62B042E4D}.Ad-Hoc|Any CPU.ActiveCfg = Release|Any CPU
		{40EEF98B-9E7A-4629-83E2-CBC62B042E4D}.Ad-Hoc|Any CPU.Build.0 = Release|Any CPU
		{40EEF98B-9E7A-4629-83E2-CBC62B042E4D}.Ad-Hoc|Any CPU.Deploy.0 = Release|Any CPU
		{40EEF98B-9E7A-4629-83E2-CBC62B042E4D}.Ad-Hoc|iPhone.ActiveCfg = Release|Any CPU
		{40EEF98B-9E7A-4629-83E2-CBC62B042E4D}.Ad-Hoc|iPhone.Build.0 = Release|Any CPU
		{40EEF98B-9E7A-4629-83E2-CBC62B042E4D}.Ad-Hoc|iPhone.Deploy.0 = Release|Any CPU
		{40EEF98B-9E7A-4629-83E2-CBC62B042E4D}.Ad-Hoc|iPhoneSimulator.ActiveCfg = Release|Any CPU
		{40EEF98B-9E7A-4629-83E2-CBC62B042E4D}.Ad-Hoc|iPhoneSimulator.Build.0 = Release|Any CPU
		{40EEF98B-9E7A-4629-83E2-CBC62B042E4D}.Ad-Hoc|iPhoneSimulator.Deploy.0 = Release|Any CPU
		{40EEF98B-9E7A-4629-83E2-CBC62B042E4D}.AppStore|Any CPU.ActiveCfg = Release|Any CPU
		{40EEF98B-9E7A-4629-83E2-CBC62B042E4D}.AppStore|Any CPU.Build.0 = Release|Any CPU
		{40EEF98B-9E7A-4629-83E2-CBC62B042E4D}.AppStore|Any CPU.Deploy.0 = Release|Any CPU
		{40EEF98B-9E7A-4629-83E2-CBC62B042E4D}.AppStore|iPhone.ActiveCfg = Release|Any CPU
		{40EEF98B-9E7A-4629-83E2-CBC62B042E4D}.AppStore|iPhone.Build.0 = Release|Any CPU
		{40EEF98B-9E7A-4629-83E2-CBC62B042E4D}.AppStore|iPhone.Deploy.0 = Release|Any CPU
		{40EEF98B-9E7A-4629-83E2-CBC62B042E4D}.AppStore|iPhoneSimulator.ActiveCfg = Release|Any CPU
		{40EEF98B-9E7A-4629-83E2-CBC62B042E4D}.AppStore|iPhoneSimulator.Build.0 = Release|Any CPU
		{40EEF98B-9E7A-4629-83E2-CBC62B042E4D}.AppStore|iPhoneSimulator.Deploy.0 = Release|Any CPU
		{40EEF98B-9E7A-4629-83E2-CBC62B042E4D}.Debug|Any CPU.ActiveCfg = Debug|Any CPU
		{40EEF98B-9E7A-4629-83E2-CBC62B042E4D}.Debug|Any CPU.Build.0 = Debug|Any CPU
		{40EEF98B-9E7A-4629-83E2-CBC62B042E4D}.Debug|Any CPU.Deploy.0 = Debug|Any CPU
		{40EEF98B-9E7A-4629-83E2-CBC62B042E4D}.Debug|iPhone.ActiveCfg = Debug|Any CPU
		{40EEF98B-9E7A-4629-83E2-CBC62B042E4D}.Debug|iPhone.Build.0 = Debug|Any CPU
		{40EEF98B-9E7A-4629-83E2-CBC62B042E4D}.Debug|iPhone.Deploy.0 = Debug|Any CPU
		{40EEF98B-9E7A-4629-83E2-CBC62B042E4D}.Debug|iPhoneSimulator.ActiveCfg = Debug|Any CPU
		{40EEF98B-9E7A-4629-83E2-CBC62B042E4D}.Debug|iPhoneSimulator.Build.0 = Debug|Any CPU
		{40EEF98B-9E7A-4629-83E2-CBC62B042E4D}.Debug|iPhoneSimulator.Deploy.0 = Debug|Any CPU
		{40EEF98B-9E7A-4629-83E2-CBC62B042E4D}.Release|Any CPU.ActiveCfg = Release|Any CPU
		{40EEF98B-9E7A-4629-83E2-CBC62B042E4D}.Release|Any CPU.Build.0 = Release|Any CPU
		{40EEF98B-9E7A-4629-83E2-CBC62B042E4D}.Release|Any CPU.Deploy.0 = Release|Any CPU
		{40EEF98B-9E7A-4629-83E2-CBC62B042E4D}.Release|iPhone.ActiveCfg = Release|Any CPU
		{40EEF98B-9E7A-4629-83E2-CBC62B042E4D}.Release|iPhone.Build.0 = Release|Any CPU
		{40EEF98B-9E7A-4629-83E2-CBC62B042E4D}.Release|iPhone.Deploy.0 = Release|Any CPU
		{40EEF98B-9E7A-4629-83E2-CBC62B042E4D}.Release|iPhoneSimulator.ActiveCfg = Release|Any CPU
		{40EEF98B-9E7A-4629-83E2-CBC62B042E4D}.Release|iPhoneSimulator.Build.0 = Release|Any CPU
		{40EEF98B-9E7A-4629-83E2-CBC62B042E4D}.Release|iPhoneSimulator.Deploy.0 = Release|Any CPU
		{6AE7008A-5A0B-44F5-A7D2-883B02C788A8}.Ad-Hoc|Any CPU.ActiveCfg = Release|Any CPU
		{6AE7008A-5A0B-44F5-A7D2-883B02C788A8}.Ad-Hoc|Any CPU.Build.0 = Release|Any CPU
		{6AE7008A-5A0B-44F5-A7D2-883B02C788A8}.Ad-Hoc|iPhone.ActiveCfg = Release|Any CPU
		{6AE7008A-5A0B-44F5-A7D2-883B02C788A8}.Ad-Hoc|iPhone.Build.0 = Release|Any CPU
		{6AE7008A-5A0B-44F5-A7D2-883B02C788A8}.Ad-Hoc|iPhoneSimulator.ActiveCfg = Release|Any CPU
		{6AE7008A-5A0B-44F5-A7D2-883B02C788A8}.Ad-Hoc|iPhoneSimulator.Build.0 = Release|Any CPU
		{6AE7008A-5A0B-44F5-A7D2-883B02C788A8}.AppStore|Any CPU.ActiveCfg = Release|Any CPU
		{6AE7008A-5A0B-44F5-A7D2-883B02C788A8}.AppStore|Any CPU.Build.0 = Release|Any CPU
		{6AE7008A-5A0B-44F5-A7D2-883B02C788A8}.AppStore|iPhone.ActiveCfg = Release|Any CPU
		{6AE7008A-5A0B-44F5-A7D2-883B02C788A8}.AppStore|iPhone.Build.0 = Release|Any CPU
		{6AE7008A-5A0B-44F5-A7D2-883B02C788A8}.AppStore|iPhoneSimulator.ActiveCfg = Release|Any CPU
		{6AE7008A-5A0B-44F5-A7D2-883B02C788A8}.AppStore|iPhoneSimulator.Build.0 = Release|Any CPU
		{6AE7008A-5A0B-44F5-A7D2-883B02C788A8}.Debug|Any CPU.ActiveCfg = Debug|Any CPU
		{6AE7008A-5A0B-44F5-A7D2-883B02C788A8}.Debug|Any CPU.Build.0 = Debug|Any CPU
		{6AE7008A-5A0B-44F5-A7D2-883B02C788A8}.Debug|iPhone.ActiveCfg = Debug|Any CPU
		{6AE7008A-5A0B-44F5-A7D2-883B02C788A8}.Debug|iPhone.Build.0 = Debug|Any CPU
		{6AE7008A-5A0B-44F5-A7D2-883B02C788A8}.Debug|iPhoneSimulator.ActiveCfg = Debug|Any CPU
		{6AE7008A-5A0B-44F5-A7D2-883B02C788A8}.Debug|iPhoneSimulator.Build.0 = Debug|Any CPU
		{6AE7008A-5A0B-44F5-A7D2-883B02C788A8}.Release|Any CPU.ActiveCfg = Release|Any CPU
		{6AE7008A-5A0B-44F5-A7D2-883B02C788A8}.Release|Any CPU.Build.0 = Release|Any CPU
		{6AE7008A-5A0B-44F5-A7D2-883B02C788A8}.Release|iPhone.ActiveCfg = Release|Any CPU
		{6AE7008A-5A0B-44F5-A7D2-883B02C788A8}.Release|iPhone.Build.0 = Release|Any CPU
		{6AE7008A-5A0B-44F5-A7D2-883B02C788A8}.Release|iPhoneSimulator.ActiveCfg = Release|Any CPU
		{6AE7008A-5A0B-44F5-A7D2-883B02C788A8}.Release|iPhoneSimulator.Build.0 = Release|Any CPU
		{9A9F4E8C-AB15-44E8-8E76-C67906046998}.Ad-Hoc|Any CPU.ActiveCfg = Ad-Hoc|iPhone
		{9A9F4E8C-AB15-44E8-8E76-C67906046998}.Ad-Hoc|iPhone.ActiveCfg = Ad-Hoc|iPhone
		{9A9F4E8C-AB15-44E8-8E76-C67906046998}.Ad-Hoc|iPhone.Build.0 = Ad-Hoc|iPhone
		{9A9F4E8C-AB15-44E8-8E76-C67906046998}.Ad-Hoc|iPhoneSimulator.ActiveCfg = Ad-Hoc|iPhoneSimulator
		{9A9F4E8C-AB15-44E8-8E76-C67906046998}.Ad-Hoc|iPhoneSimulator.Build.0 = Ad-Hoc|iPhoneSimulator
		{9A9F4E8C-AB15-44E8-8E76-C67906046998}.AppStore|Any CPU.ActiveCfg = AppStore|iPhone
		{9A9F4E8C-AB15-44E8-8E76-C67906046998}.AppStore|iPhone.ActiveCfg = AppStore|iPhone
		{9A9F4E8C-AB15-44E8-8E76-C67906046998}.AppStore|iPhone.Build.0 = AppStore|iPhone
		{9A9F4E8C-AB15-44E8-8E76-C67906046998}.AppStore|iPhoneSimulator.ActiveCfg = AppStore|iPhoneSimulator
		{9A9F4E8C-AB15-44E8-8E76-C67906046998}.AppStore|iPhoneSimulator.Build.0 = AppStore|iPhoneSimulator
		{9A9F4E8C-AB15-44E8-8E76-C67906046998}.Debug|Any CPU.ActiveCfg = Debug|iPhone
		{9A9F4E8C-AB15-44E8-8E76-C67906046998}.Debug|iPhone.ActiveCfg = Debug|iPhone
		{9A9F4E8C-AB15-44E8-8E76-C67906046998}.Debug|iPhone.Build.0 = Debug|iPhone
		{9A9F4E8C-AB15-44E8-8E76-C67906046998}.Debug|iPhoneSimulator.ActiveCfg = Debug|iPhoneSimulator
		{9A9F4E8C-AB15-44E8-8E76-C67906046998}.Debug|iPhoneSimulator.Build.0 = Debug|iPhoneSimulator
		{9A9F4E8C-AB15-44E8-8E76-C67906046998}.Release|Any CPU.ActiveCfg = Release|iPhone
		{9A9F4E8C-AB15-44E8-8E76-C67906046998}.Release|iPhone.ActiveCfg = Release|iPhone
		{9A9F4E8C-AB15-44E8-8E76-C67906046998}.Release|iPhone.Build.0 = Release|iPhone
		{9A9F4E8C-AB15-44E8-8E76-C67906046998}.Release|iPhoneSimulator.ActiveCfg = Release|iPhoneSimulator
		{9A9F4E8C-AB15-44E8-8E76-C67906046998}.Release|iPhoneSimulator.Build.0 = Release|iPhoneSimulator
	EndGlobalSection
	GlobalSection(SolutionProperties) = preSolution
		HideSolutionNode = FALSE
	EndGlobalSection
	GlobalSection(NestedProjects) = preSolution
		{3EFB7A6B-FF50-422E-826A-1FAACEDCCF39} = {CA10652E-D1AC-497F-B2C9-E422A8E628DD}
		{D9F8D3DF-4A96-46BF-B9AC-0F1D9E2C6552} = {CA10652E-D1AC-497F-B2C9-E422A8E628DD}
		{DEB48525-4FA4-4A29-8E00-8EB68A835FC7} = {A573CE2F-CFFF-4D2A-A061-9D96DF6AF033}
		{70837252-D1AE-4703-816C-22454593D819} = {BFCC5E73-4743-477E-940C-AE610E7267E8}
		{6A8079AA-35FC-40F5-B5FC-23224E791348} = {1348B0B7-F342-4D20-852E-2B4A16E9AE78}
		{F4EB9E68-E3B5-4F88-8D20-441F398093E3} = {794C0917-6118-4C08-81AB-ABEB3B9B5AEF}
		{ED50DD84-092A-4638-842F-8F6B5FAED378} = {794C0917-6118-4C08-81AB-ABEB3B9B5AEF}
		{3069764C-D820-49FB-943C-4BE396429F9A} = {A573CE2F-CFFF-4D2A-A061-9D96DF6AF033}
		{7E90CB9D-DEE7-48AA-960C-AEC689982D22} = {1348B0B7-F342-4D20-852E-2B4A16E9AE78}
		{2C9677CC-AC2F-4D9E-8352-AB1F35930BE8} = {BFCC5E73-4743-477E-940C-AE610E7267E8}
		{DF232AD7-9337-46D1-8F69-B03000537711} = {BFCC5E73-4743-477E-940C-AE610E7267E8}
		{40EEF98B-9E7A-4629-83E2-CBC62B042E4D} = {85585FF4-DDAE-4EBD-806C-C7A4A3B5E1A9}
		{6AE7008A-5A0B-44F5-A7D2-883B02C788A8} = {85585FF4-DDAE-4EBD-806C-C7A4A3B5E1A9}
		{9A9F4E8C-AB15-44E8-8E76-C67906046998} = {85585FF4-DDAE-4EBD-806C-C7A4A3B5E1A9}
	EndGlobalSection
	GlobalSection(ExtensibilityGlobals) = postSolution
		SolutionGuid = {09CEF445-2C6E-4326-A83B-72F47F74A5DC}
	EndGlobalSection
EndGlobal
